
Microsoft Visual Studio Solution File, Format Version 12.00
# Visual Studio Version 17
VisualStudioVersion = 17.4.33213.308
MinimumVisualStudioVersion = 10.0.40219.1
Project("{FAE04EC0-301F-11D3-BF4B-00C04F79EFBC}") = "MusicLoader", "MusicLoader.csproj", "{3E82F284-BEE5-4442-B0CE-811B97DB9C0B}"
EndProject
Global
	GlobalSection(SolutionConfigurationPlatforms) = preSolution
		Debug|Any CPU = Debug|Any CPU
		Release|Any CPU = Release|Any CPU
	EndGlobalSection
	GlobalSection(ProjectConfigurationPlatforms) = postSolution
		{3E82F284-BEE5-4442-B0CE-811B97DB9C0B}.Debug|Any CPU.ActiveCfg = Debug|Any CPU
		{3E82F284-BEE5-4442-B0CE-811B97DB9C0B}.Debug|Any CPU.Build.0 = Debug|Any CPU
		{3E82F284-BEE5-4442-B0CE-811B97DB9C0B}.Release|Any CPU.ActiveCfg = Release|Any CPU
		{3E82F284-BEE5-4442-B0CE-811B97DB9C0B}.Release|Any CPU.Build.0 = Release|Any CPU
	EndGlobalSection
	GlobalSection(SolutionProperties) = preSolution
		HideSolutionNode = FALSE
	EndGlobalSection
	GlobalSection(ExtensibilityGlobals) = postSolution
		SolutionGuid = {EC31189B-E382-47C4-A266-17D50900D37D}
	EndGlobalSection
EndGlobal
